
Microsoft Visual Studio Solution File, Format Version 12.00
# Visual Studio Version 16
VisualStudioVersion = 16.0.29102.190
MinimumVisualStudioVersion = 10.0.40219.1
Project("{FAE04EC0-301F-11D3-BF4B-00C04F79EFBC}") = "Bakım Bölümü", "Bakım Bölümü\Bakım Bölümü.csproj", "{7B3F9426-4CBD-473A-A8FA-987175487A95}"
EndProject
Global
	GlobalSection(SolutionConfigurationPlatforms) = preSolution
		Debug|Any CPU = Debug|Any CPU
		Release|Any CPU = Release|Any CPU
	EndGlobalSection
	GlobalSection(ProjectConfigurationPlatforms) = postSolution
		{7B3F9426-4CBD-473A-A8FA-987175487A95}.Debug|Any CPU.ActiveCfg = Debug|Any CPU
		{7B3F9426-4CBD-473A-A8FA-987175487A95}.Debug|Any CPU.Build.0 = Debug|Any CPU
		{7B3F9426-4CBD-473A-A8FA-987175487A95}.Release|Any CPU.ActiveCfg = Release|Any CPU
		{7B3F9426-4CBD-473A-A8FA-987175487A95}.Release|Any CPU.Build.0 = Release|Any CPU
	EndGlobalSection
	GlobalSection(SolutionProperties) = preSolution
		HideSolutionNode = FALSE
	EndGlobalSection
	GlobalSection(ExtensibilityGlobals) = postSolution
		SolutionGuid = {FE6EE8F3-9CC3-49BE-928C-FC4B57B2433E}
	EndGlobalSection
EndGlobal
